{
  "nodes": {
    "cobs-python": {
      "flake": false,
      "locked": {
        "lastModified": 1648682439,
        "narHash": "sha256-zjWAyE3O02XIglYKmcsoeWPpZ//fuGxRN7cAaHPObEo=",
        "owner": "cmcqueen",
        "repo": "cobs-python",
        "rev": "8a26e6604f268a01ccf90bac3886879c301a48dc",
        "type": "github"
      },
      "original": {
        "owner": "cmcqueen",
        "repo": "cobs-python",
        "type": "github"
      }
    },
    "flake-utils": {
      "locked": {
        "lastModified": 1652776076,
        "narHash": "sha256-gzTw/v1vj4dOVbpBSJX4J0DwUR6LIyXo7/SuuTJp1kM=",
        "owner": "numtide",
        "repo": "flake-utils",
        "rev": "04c1b180862888302ddfb2e3ad9eaa63afc60cf8",
        "type": "github"
      },
      "original": {
        "owner": "numtide",
        "repo": "flake-utils",
        "type": "github"
      }
    },
    "naersk": {
      "inputs": {
        "nixpkgs": [
          "nixpkgs"
        ]
      },
      "locked": {
        "lastModified": 1638676780,
        "narHash": "sha256-XCtcauXNiF3/VESdqqsqvt39qQuWaPV6xp+dV0/N/50=",
        "ref": "master",
        "rev": "8388127612931b754bf2898cd1a68cab20491249",
        "revCount": 279,
        "type": "git",
        "url": "ssh://gitea@git.nathanperry.dev/fork/naersk"
      },
      "original": {
        "type": "git",
        "url": "ssh://gitea@git.nathanperry.dev/fork/naersk"
      }
    },
    "nixpkgs": {
      "locked": {
        "lastModified": 1653957262,
        "narHash": "sha256-TFQ5uoaubeFk2kM01g9nFyDu1PFBu+h7zEBMQ4LNKFs=",
        "owner": "nixos",
        "repo": "nixpkgs",
        "rev": "27ba51ca76dc4e01a48fda768c433344d7be7bed",
        "type": "github"
      },
      "original": {
        "owner": "nixos",
        "ref": "release-22.05",
        "repo": "nixpkgs",
        "type": "github"
      }
    },
    "nixpkgs-mozilla": {
      "flake": false,
      "locked": {
        "lastModified": 1650459918,
        "narHash": "sha256-sroCK+QJTmoXtcRkwZyKOP9iAYOPID2Bwdxn4GkG16w=",
        "owner": "mozilla",
        "repo": "nixpkgs-mozilla",
        "rev": "e1f7540fc0a8b989fb8cf701dc4fd7fc76bcf168",
        "type": "github"
      },
      "original": {
        "owner": "mozilla",
        "repo": "nixpkgs-mozilla",
        "type": "github"
      }
    },
    "root": {
      "inputs": {
        "cobs-python": "cobs-python",
        "flake-utils": "flake-utils",
        "naersk": "naersk",
        "nixpkgs": "nixpkgs",
        "nixpkgs-mozilla": "nixpkgs-mozilla"
      }
    }
  },
  "root": "root",
  "version": 7
}
